
Microsoft Visual Studio Solution File, Format Version 12.00
# Visual Studio Version 17
VisualStudioVersion = 17.8.34330.188
MinimumVisualStudioVersion = 10.0.40219.1
Project("{9A19103F-16F7-4668-BE54-9A1E7A4F7556}") = "MicroIMDb.API", "MicroIMDbAPI\MicroIMDb.API.csproj", "{C282A60F-7E05-409D-AD27-0F28EDB83FDE}"
EndProject
Project("{9A19103F-16F7-4668-BE54-9A1E7A4F7556}") = "MicroIMDb.Infrastrcture", "..\MicroIMDb.Infrastrcture\MicroIMDb.Infrastrcture.csproj", "{E44F9D47-B82F-470C-8E1C-259B53AC5C14}"
EndProject
Project("{9A19103F-16F7-4668-BE54-9A1E7A4F7556}") = "MicroIMDb.Application", "..\MicroIMDb.Application\MicroIMDb.Application.csproj", "{D614652F-7F84-4769-8A0B-F6D6BBB7E1C3}"
EndProject
Project("{FAE04EC0-301F-11D3-BF4B-00C04F79EFBC}") = "MicroIMDB.DL", "MicroIMDB.DL\MicroIMDB.DL.csproj", "{1E0F7FD8-105A-4FF2-8BA9-601CF05EE5FA}"
EndProject
Project("{FAE04EC0-301F-11D3-BF4B-00C04F79EFBC}") = "MicroIMDB.BL", "MicroIMDB.BL\MicroIMDB.BL.csproj", "{5E3543D7-4926-4C44-A743-90E1249F7E59}"
EndProject
Global
	GlobalSection(SolutionConfigurationPlatforms) = preSolution
		Debug|Any CPU = Debug|Any CPU
		Release|Any CPU = Release|Any CPU
	EndGlobalSection
	GlobalSection(ProjectConfigurationPlatforms) = postSolution
		{C282A60F-7E05-409D-AD27-0F28EDB83FDE}.Debug|Any CPU.ActiveCfg = Debug|Any CPU
		{C282A60F-7E05-409D-AD27-0F28EDB83FDE}.Debug|Any CPU.Build.0 = Debug|Any CPU
		{C282A60F-7E05-409D-AD27-0F28EDB83FDE}.Release|Any CPU.ActiveCfg = Release|Any CPU
		{C282A60F-7E05-409D-AD27-0F28EDB83FDE}.Release|Any CPU.Build.0 = Release|Any CPU
		{E44F9D47-B82F-470C-8E1C-259B53AC5C14}.Debug|Any CPU.ActiveCfg = Debug|Any CPU
		{E44F9D47-B82F-470C-8E1C-259B53AC5C14}.Debug|Any CPU.Build.0 = Debug|Any CPU
		{E44F9D47-B82F-470C-8E1C-259B53AC5C14}.Release|Any CPU.ActiveCfg = Release|Any CPU
		{E44F9D47-B82F-470C-8E1C-259B53AC5C14}.Release|Any CPU.Build.0 = Release|Any CPU
		{D614652F-7F84-4769-8A0B-F6D6BBB7E1C3}.Debug|Any CPU.ActiveCfg = Debug|Any CPU
		{D614652F-7F84-4769-8A0B-F6D6BBB7E1C3}.Debug|Any CPU.Build.0 = Debug|Any CPU
		{D614652F-7F84-4769-8A0B-F6D6BBB7E1C3}.Release|Any CPU.ActiveCfg = Release|Any CPU
		{D614652F-7F84-4769-8A0B-F6D6BBB7E1C3}.Release|Any CPU.Build.0 = Release|Any CPU
		{1E0F7FD8-105A-4FF2-8BA9-601CF05EE5FA}.Debug|Any CPU.ActiveCfg = Debug|Any CPU
		{1E0F7FD8-105A-4FF2-8BA9-601CF05EE5FA}.Debug|Any CPU.Build.0 = Debug|Any CPU
		{1E0F7FD8-105A-4FF2-8BA9-601CF05EE5FA}.Release|Any CPU.ActiveCfg = Release|Any CPU
		{1E0F7FD8-105A-4FF2-8BA9-601CF05EE5FA}.Release|Any CPU.Build.0 = Release|Any CPU
		{5E3543D7-4926-4C44-A743-90E1249F7E59}.Debug|Any CPU.ActiveCfg = Debug|Any CPU
		{5E3543D7-4926-4C44-A743-90E1249F7E59}.Debug|Any CPU.Build.0 = Debug|Any CPU
		{5E3543D7-4926-4C44-A743-90E1249F7E59}.Release|Any CPU.ActiveCfg = Release|Any CPU
		{5E3543D7-4926-4C44-A743-90E1249F7E59}.Release|Any CPU.Build.0 = Release|Any CPU
	EndGlobalSection
	GlobalSection(SolutionProperties) = preSolution
		HideSolutionNode = FALSE
	EndGlobalSection
	GlobalSection(ExtensibilityGlobals) = postSolution
		SolutionGuid = {9970BCD5-34DB-4F33-8172-280C063D501D}
	EndGlobalSection
EndGlobal
